
Microsoft Visual Studio Solution File, Format Version 12.00
# Visual Studio Version 17
VisualStudioVersion = 17.2.32526.322
MinimumVisualStudioVersion = 10.0.40219.1
Project("{FAE04EC0-301F-11D3-BF4B-00C04F79EFBC}") = "GUI", "GUI\GUI.csproj", "{A39A061F-53BF-4611-B6E8-09BE774980C9}"
EndProject
Project("{FAE04EC0-301F-11D3-BF4B-00C04F79EFBC}") = "BLL", "BLL\BLL.csproj", "{6886A746-3EFB-459E-9F4C-1BB33832AB9F}"
EndProject
Project("{FAE04EC0-301F-11D3-BF4B-00C04F79EFBC}") = "DAL", "DAL\DAL.csproj", "{0DC3DB07-023F-4C50-A5AD-499FF86A3E87}"
EndProject
Global
	GlobalSection(SolutionConfigurationPlatforms) = preSolution
		Debug|Any CPU = Debug|Any CPU
		Release|Any CPU = Release|Any CPU
	EndGlobalSection
	GlobalSection(ProjectConfigurationPlatforms) = postSolution
		{A39A061F-53BF-4611-B6E8-09BE774980C9}.Debug|Any CPU.ActiveCfg = Debug|Any CPU
		{A39A061F-53BF-4611-B6E8-09BE774980C9}.Debug|Any CPU.Build.0 = Debug|Any CPU
		{A39A061F-53BF-4611-B6E8-09BE774980C9}.Release|Any CPU.ActiveCfg = Release|Any CPU
		{A39A061F-53BF-4611-B6E8-09BE774980C9}.Release|Any CPU.Build.0 = Release|Any CPU
		{6886A746-3EFB-459E-9F4C-1BB33832AB9F}.Debug|Any CPU.ActiveCfg = Debug|Any CPU
		{6886A746-3EFB-459E-9F4C-1BB33832AB9F}.Debug|Any CPU.Build.0 = Debug|Any CPU
		{6886A746-3EFB-459E-9F4C-1BB33832AB9F}.Release|Any CPU.ActiveCfg = Release|Any CPU
		{6886A746-3EFB-459E-9F4C-1BB33832AB9F}.Release|Any CPU.Build.0 = Release|Any CPU
		{0DC3DB07-023F-4C50-A5AD-499FF86A3E87}.Debug|Any CPU.ActiveCfg = Debug|Any CPU
		{0DC3DB07-023F-4C50-A5AD-499FF86A3E87}.Debug|Any CPU.Build.0 = Debug|Any CPU
		{0DC3DB07-023F-4C50-A5AD-499FF86A3E87}.Release|Any CPU.ActiveCfg = Release|Any CPU
		{0DC3DB07-023F-4C50-A5AD-499FF86A3E87}.Release|Any CPU.Build.0 = Release|Any CPU
	EndGlobalSection
	GlobalSection(SolutionProperties) = preSolution
		HideSolutionNode = FALSE
	EndGlobalSection
	GlobalSection(ExtensibilityGlobals) = postSolution
		SolutionGuid = {3F70306D-8A9B-4E3A-9D1D-22BD0E7195BE}
	EndGlobalSection
EndGlobal
